
Microsoft Visual Studio Solution File, Format Version 12.00
# Visual Studio Version 16
VisualStudioVersion = 16.0.30709.132
MinimumVisualStudioVersion = 10.0.40219.1
Project("{FAE04EC0-301F-11D3-BF4B-00C04F79EFBC}") = "Calculator", "Calculator\Calculator.csproj", "{57DD5208-8265-4B7B-AA14-6EDA1BFC7CEA}"
EndProject
Project("{FAE04EC0-301F-11D3-BF4B-00C04F79EFBC}") = "TestCalculator", "TestCalculator\TestCalculator.csproj", "{8EEF10F2-FDB8-457A-A70D-1E231E540CCB}"
EndProject
Global
	GlobalSection(SolutionConfigurationPlatforms) = preSolution
		Debug|Any CPU = Debug|Any CPU
		Release|Any CPU = Release|Any CPU
	EndGlobalSection
	GlobalSection(ProjectConfigurationPlatforms) = postSolution
		{57DD5208-8265-4B7B-AA14-6EDA1BFC7CEA}.Debug|Any CPU.ActiveCfg = Debug|Any CPU
		{57DD5208-8265-4B7B-AA14-6EDA1BFC7CEA}.Debug|Any CPU.Build.0 = Debug|Any CPU
		{57DD5208-8265-4B7B-AA14-6EDA1BFC7CEA}.Release|Any CPU.ActiveCfg = Release|Any CPU
		{57DD5208-8265-4B7B-AA14-6EDA1BFC7CEA}.Release|Any CPU.Build.0 = Release|Any CPU
		{8EEF10F2-FDB8-457A-A70D-1E231E540CCB}.Debug|Any CPU.ActiveCfg = Debug|Any CPU
		{8EEF10F2-FDB8-457A-A70D-1E231E540CCB}.Debug|Any CPU.Build.0 = Debug|Any CPU
		{8EEF10F2-FDB8-457A-A70D-1E231E540CCB}.Release|Any CPU.ActiveCfg = Release|Any CPU
		{8EEF10F2-FDB8-457A-A70D-1E231E540CCB}.Release|Any CPU.Build.0 = Release|Any CPU
	EndGlobalSection
	GlobalSection(SolutionProperties) = preSolution
		HideSolutionNode = FALSE
	EndGlobalSection
	GlobalSection(ExtensibilityGlobals) = postSolution
		SolutionGuid = {1678FD39-8E1C-4FC5-BAF1-082FEFC6B3C2}
	EndGlobalSection
EndGlobal
